
Microsoft Visual Studio Solution File, Format Version 12.00
# Visual Studio Version 16
VisualStudioVersion = 16.0.32002.261
MinimumVisualStudioVersion = 10.0.40219.1
Project("{FAE04EC0-301F-11D3-BF4B-00C04F79EFBC}") = "ADB-Commands", "ADB-Commands\ADB-Commands.csproj", "{8B26781B-1ECF-4921-8E1A-A89113FD31F4}"
EndProject
Global
	GlobalSection(SolutionConfigurationPlatforms) = preSolution
		Debug|Any CPU = Debug|Any CPU
		Release|Any CPU = Release|Any CPU
	EndGlobalSection
	GlobalSection(ProjectConfigurationPlatforms) = postSolution
		{8B26781B-1ECF-4921-8E1A-A89113FD31F4}.Debug|Any CPU.ActiveCfg = Debug|Any CPU
		{8B26781B-1ECF-4921-8E1A-A89113FD31F4}.Debug|Any CPU.Build.0 = Debug|Any CPU
		{8B26781B-1ECF-4921-8E1A-A89113FD31F4}.Release|Any CPU.ActiveCfg = Release|Any CPU
		{8B26781B-1ECF-4921-8E1A-A89113FD31F4}.Release|Any CPU.Build.0 = Release|Any CPU
	EndGlobalSection
	GlobalSection(SolutionProperties) = preSolution
		HideSolutionNode = FALSE
	EndGlobalSection
	GlobalSection(ExtensibilityGlobals) = postSolution
		SolutionGuid = {D2C39992-30C8-4A89-AC8C-32372282C8FD}
	EndGlobalSection
EndGlobal
